
Microsoft Visual Studio Solution File, Format Version 12.00
# Visual Studio Version 17
VisualStudioVersion = 17.1.32328.378
MinimumVisualStudioVersion = 10.0.40219.1
Project("{FAE04EC0-301F-11D3-BF4B-00C04F79EFBC}") = "CFlamingo", "CFlamingo\CFlamingo.csproj", "{1D9AF30F-4076-4FEC-AC42-46C38E2379C1}"
EndProject
Project("{FAE04EC0-301F-11D3-BF4B-00C04F79EFBC}") = "CFlamingo.Core", "CFlamingo.Core\CFlamingo.Core.csproj", "{6BF4D5AF-C335-458A-AD44-5B40495DF966}"
EndProject
Global
	GlobalSection(SolutionConfigurationPlatforms) = preSolution
		Debug|Any CPU = Debug|Any CPU
		Release|Any CPU = Release|Any CPU
	EndGlobalSection
	GlobalSection(ProjectConfigurationPlatforms) = postSolution
		{1D9AF30F-4076-4FEC-AC42-46C38E2379C1}.Debug|Any CPU.ActiveCfg = Debug|Any CPU
		{1D9AF30F-4076-4FEC-AC42-46C38E2379C1}.Debug|Any CPU.Build.0 = Debug|Any CPU
		{1D9AF30F-4076-4FEC-AC42-46C38E2379C1}.Release|Any CPU.ActiveCfg = Release|Any CPU
		{1D9AF30F-4076-4FEC-AC42-46C38E2379C1}.Release|Any CPU.Build.0 = Release|Any CPU
		{6BF4D5AF-C335-458A-AD44-5B40495DF966}.Debug|Any CPU.ActiveCfg = Debug|Any CPU
		{6BF4D5AF-C335-458A-AD44-5B40495DF966}.Debug|Any CPU.Build.0 = Debug|Any CPU
		{6BF4D5AF-C335-458A-AD44-5B40495DF966}.Release|Any CPU.ActiveCfg = Release|Any CPU
		{6BF4D5AF-C335-458A-AD44-5B40495DF966}.Release|Any CPU.Build.0 = Release|Any CPU
	EndGlobalSection
	GlobalSection(SolutionProperties) = preSolution
		HideSolutionNode = FALSE
	EndGlobalSection
	GlobalSection(ExtensibilityGlobals) = postSolution
		SolutionGuid = {EFDB064E-184B-4AA5-B89A-305F802408B0}
	EndGlobalSection
EndGlobal
